{
  "name": "chat-codes-services",
  "version": "1.0.0",
  "lockfileVersion": 1,
  "requires": true,
  "dependencies": {
    "@types/node": {
      "version": "8.0.15",
      "resolved": "https://registry.npmjs.org/@types/node/-/node-8.0.15.tgz",
      "integrity": "sha512-ASl21hskyMlYJkx11SqyWksFHZ0Eb8hiQK+VLZYRCpm99KcPj+JuO1rfVCM2kNKhKKpdR1DVlFrrOYiSeUeiIg==",
      "dev": true
    },
    "faye-websocket": {
      "version": "0.9.4",
      "resolved": "https://registry.npmjs.org/faye-websocket/-/faye-websocket-0.9.4.tgz",
      "integrity": "sha1-iFk0x57/sECVSeDAo4Ae0XpAza0=",
      "requires": {
        "websocket-driver": "0.6.5"
      }
    },
    "pusher-js": {
      "version": "4.1.0",
      "resolved": "https://registry.npmjs.org/pusher-js/-/pusher-js-4.1.0.tgz",
      "integrity": "sha1-UpeXPek1mUumXCBIzPO4wAckc0E=",
      "requires": {
        "faye-websocket": "0.9.4",
        "xmlhttprequest": "1.8.0"
      }
    },
    "underscore": {
      "version": "1.8.3",
      "resolved": "https://registry.npmjs.org/underscore/-/underscore-1.8.3.tgz",
      "integrity": "sha1-Tz+1OxBuYJf8+ctBCfKl6b36UCI="
    },
    "websocket-driver": {
      "version": "0.6.5",
      "resolved": "https://registry.npmjs.org/websocket-driver/-/websocket-driver-0.6.5.tgz",
      "integrity": "sha1-XLJVbOuF9Dc8bYI4qmkchFThOjY=",
      "requires": {
        "websocket-extensions": "0.1.1"
      }
    },
    "websocket-extensions": {
      "version": "0.1.1",
      "resolved": "https://registry.npmjs.org/websocket-extensions/-/websocket-extensions-0.1.1.tgz",
      "integrity": "sha1-domUmcGEtu91Q3fC27DNbLVdKec="
    },
    "xmlhttprequest": {
      "version": "1.8.0",
      "resolved": "https://registry.npmjs.org/xmlhttprequest/-/xmlhttprequest-1.8.0.tgz",
      "integrity": "sha1-Z/4HXFwk/vOfnWX197f+dRcZaPw="
    }
  }
}
